
Microsoft Visual Studio Solution File, Format Version 12.00
# Visual Studio Version 17
VisualStudioVersion = 17.6.33723.286
MinimumVisualStudioVersion = 10.0.40219.1
Project("{FAE04EC0-301F-11D3-BF4B-00C04F79EFBC}") = "TodoCRUD", "TodoCRUD.csproj", "{884A2C9B-8627-43FE-816B-F6E8CFF6E99A}"
EndProject
Global
	GlobalSection(SolutionConfigurationPlatforms) = preSolution
		Debug|Any CPU = Debug|Any CPU
		Release|Any CPU = Release|Any CPU
	EndGlobalSection
	GlobalSection(ProjectConfigurationPlatforms) = postSolution
		{884A2C9B-8627-43FE-816B-F6E8CFF6E99A}.Debug|Any CPU.ActiveCfg = Debug|Any CPU
		{884A2C9B-8627-43FE-816B-F6E8CFF6E99A}.Debug|Any CPU.Build.0 = Debug|Any CPU
		{884A2C9B-8627-43FE-816B-F6E8CFF6E99A}.Release|Any CPU.ActiveCfg = Release|Any CPU
		{884A2C9B-8627-43FE-816B-F6E8CFF6E99A}.Release|Any CPU.Build.0 = Release|Any CPU
	EndGlobalSection
	GlobalSection(SolutionProperties) = preSolution
		HideSolutionNode = FALSE
	EndGlobalSection
	GlobalSection(ExtensibilityGlobals) = postSolution
		SolutionGuid = {78D9FA2B-3D1B-4853-B69A-CB9074849EC6}
	EndGlobalSection
EndGlobal
